
Microsoft Visual Studio Solution File, Format Version 12.00
# Visual Studio Version 16
VisualStudioVersion = 16.0.31402.337
MinimumVisualStudioVersion = 10.0.40219.1
Project("{9A19103F-16F7-4668-BE54-9A1E7A4F7556}") = "BlazorCounterStream", "BlazorCounterStream\BlazorCounterStream.csproj", "{9E1F722A-F977-4F8D-9BEB-786F395DE03F}"
EndProject
Project("{9A19103F-16F7-4668-BE54-9A1E7A4F7556}") = "ConfigurationManagement", "ConfigurationManagement\ConfigurationManagement.csproj", "{B34A2851-C1D9-4D80-901A-48FEDD656784}"
EndProject
Project("{9A19103F-16F7-4668-BE54-9A1E7A4F7556}") = "BlazorRtspStream", "BlazorRtspStream\BlazorRtspStream.csproj", "{49163233-8AE6-41FC-8FDB-4B3240074F84}"
EndProject
Global
	GlobalSection(SolutionConfigurationPlatforms) = preSolution
		Debug|Any CPU = Debug|Any CPU
		Release|Any CPU = Release|Any CPU
	EndGlobalSection
	GlobalSection(ProjectConfigurationPlatforms) = postSolution
		{9E1F722A-F977-4F8D-9BEB-786F395DE03F}.Debug|Any CPU.ActiveCfg = Debug|Any CPU
		{9E1F722A-F977-4F8D-9BEB-786F395DE03F}.Debug|Any CPU.Build.0 = Debug|Any CPU
		{9E1F722A-F977-4F8D-9BEB-786F395DE03F}.Release|Any CPU.ActiveCfg = Release|Any CPU
		{9E1F722A-F977-4F8D-9BEB-786F395DE03F}.Release|Any CPU.Build.0 = Release|Any CPU
		{B34A2851-C1D9-4D80-901A-48FEDD656784}.Debug|Any CPU.ActiveCfg = Debug|Any CPU
		{B34A2851-C1D9-4D80-901A-48FEDD656784}.Debug|Any CPU.Build.0 = Debug|Any CPU
		{B34A2851-C1D9-4D80-901A-48FEDD656784}.Release|Any CPU.ActiveCfg = Release|Any CPU
		{B34A2851-C1D9-4D80-901A-48FEDD656784}.Release|Any CPU.Build.0 = Release|Any CPU
		{49163233-8AE6-41FC-8FDB-4B3240074F84}.Debug|Any CPU.ActiveCfg = Debug|Any CPU
		{49163233-8AE6-41FC-8FDB-4B3240074F84}.Debug|Any CPU.Build.0 = Debug|Any CPU
		{49163233-8AE6-41FC-8FDB-4B3240074F84}.Release|Any CPU.ActiveCfg = Release|Any CPU
		{49163233-8AE6-41FC-8FDB-4B3240074F84}.Release|Any CPU.Build.0 = Release|Any CPU
	EndGlobalSection
	GlobalSection(SolutionProperties) = preSolution
		HideSolutionNode = FALSE
	EndGlobalSection
	GlobalSection(ExtensibilityGlobals) = postSolution
		SolutionGuid = {BFED2960-EA49-4D63-8A08-E16FBD91B809}
	EndGlobalSection
EndGlobal
